
Microsoft Visual Studio Solution File, Format Version 12.00
# Visual Studio 15
VisualStudioVersion = 15.0.28307.136
MinimumVisualStudioVersion = 10.0.40219.1
Project("{9A19103F-16F7-4668-BE54-9A1E7A4F7556}") = "ScheduleApp", "ScheduleApp\ScheduleApp.csproj", "{07686D40-8CB5-4199-805C-4DC19FFAFDBA}"
EndProject
Project("{FAE04EC0-301F-11D3-BF4B-00C04F79EFBC}") = "UnitTestApp.Tests", "UnitTestApp.Tests\UnitTestApp.Tests.csproj", "{33D8F832-DD13-4173-B42B-534D15D4A152}"
EndProject
Global
	GlobalSection(SolutionConfigurationPlatforms) = preSolution
		Debug|Any CPU = Debug|Any CPU
		Release|Any CPU = Release|Any CPU
	EndGlobalSection
	GlobalSection(ProjectConfigurationPlatforms) = postSolution
		{07686D40-8CB5-4199-805C-4DC19FFAFDBA}.Debug|Any CPU.ActiveCfg = Debug|Any CPU
		{07686D40-8CB5-4199-805C-4DC19FFAFDBA}.Debug|Any CPU.Build.0 = Debug|Any CPU
		{07686D40-8CB5-4199-805C-4DC19FFAFDBA}.Release|Any CPU.ActiveCfg = Release|Any CPU
		{07686D40-8CB5-4199-805C-4DC19FFAFDBA}.Release|Any CPU.Build.0 = Release|Any CPU
		{33D8F832-DD13-4173-B42B-534D15D4A152}.Debug|Any CPU.ActiveCfg = Debug|Any CPU
		{33D8F832-DD13-4173-B42B-534D15D4A152}.Debug|Any CPU.Build.0 = Debug|Any CPU
		{33D8F832-DD13-4173-B42B-534D15D4A152}.Release|Any CPU.ActiveCfg = Release|Any CPU
		{33D8F832-DD13-4173-B42B-534D15D4A152}.Release|Any CPU.Build.0 = Release|Any CPU
	EndGlobalSection
	GlobalSection(SolutionProperties) = preSolution
		HideSolutionNode = FALSE
	EndGlobalSection
	GlobalSection(ExtensibilityGlobals) = postSolution
		SolutionGuid = {F59B1C7E-71B4-49D7-934B-4CB735968B5B}
	EndGlobalSection
EndGlobal
